{
  "sources": {
    "build-essential": {
      "locked_version": "1.4.0"
    },
    "yum": {
      "locked_version": "2.4.4"
    },
    "apt": {
      "locked_version": "2.3.4"
    },
    "curl": {
      "locked_version": "1.1.0"
    },
    "vim": {
      "locked_version": "1.0.2"
    },
    "git": {
      "locked_version": "2.5.2"
    },
    "monit": {
      "locked_version": "0.7.1"
    },
    "rbenv": {
      "locked_version": "1.6.5"
    },
    "openssl": {
      "locked_version": "1.1.0"
    },
    "nginx": {
      "locked_version": "1.7.0"
    },
    "redisio": {
      "locked_version": "1.7.1"
    },
    "java": {
      "locked_version": "1.17.2"
    },
    "elasticsearch": {
      "locked_version": "0.3.7",
      "git": "https://github.com/elasticsearch/cookbook-elasticsearch",
      "ref": "0bd966d1aa27ab281b216676672b98e205d28d1e"
    },
    "dmg": {
      "locked_version": "2.0.4"
    },
    "windows": {
      "locked_version": "1.11.0"
    },
    "chef_handler": {
      "locked_version": "1.1.4"
    },
    "runit": {
      "locked_version": "1.3.0"
    },
    "ohai": {
      "locked_version": "1.1.12"
    },
    "ulimit": {
      "locked_version": "0.3.2"
    },
    "aws": {
      "locked_version": "0.101.6"
    },
    "xml": {
      "locked_version": "1.2.0"
    },
    "ark": {
      "locked_version": "0.5.0"
    }
  }
}
